// !$*UTF8*$!
{
	archiveVersion = 1;
	classes = {
	};
	objectVersion = 46;
	objects = {

/* Begin PBXBuildFile section */
		A05AFCEA1A86815D00CB983A /* AppDelegate.swift in Sources */ = {isa = PBXBuildFile; fileRef = A05AFCE91A86815D00CB983A /* AppDelegate.swift */; };
		A05AFCEC1A86815D00CB983A /* FirstViewController.swift in Sources */ = {isa = PBXBuildFile; fileRef = A05AFCEB1A86815D00CB983A /* FirstViewController.swift */; };
		A05AFCEE1A86815D00CB983A /* SecondViewController.swift in Sources */ = {isa = PBXBuildFile; fileRef = A05AFCED1A86815D00CB983A /* SecondViewController.swift */; };
		A05AFCF11A86815D00CB983A /* Main.storyboard in Resources */ = {isa = PBXBuildFile; fileRef = A05AFCEF1A86815D00CB983A /* Main.storyboard */; };
		A05AFCF31A86815D00CB983A /* Images.xcassets in Resources */ = {isa = PBXBuildFile; fileRef = A05AFCF21A86815D00CB983A /* Images.xcassets */; };
		A05AFCF61A86815D00CB983A /* LaunchScreen.xib in Resources */ = {isa = PBXBuildFile; fileRef = A05AFCF41A86815D00CB983A /* LaunchScreen.xib */; };
		A05AFD021A86815D00CB983A /* BuffaloTests.swift in Sources */ = {isa = PBXBuildFile; fileRef = A05AFD011A86815D00CB983A /* BuffaloTests.swift */; };
		A05AFD0C1A86823B00CB983A /* ThirdViewController.swift in Sources */ = {isa = PBXBuildFile; fileRef = A05AFD0B1A86823B00CB983A /* ThirdViewController.swift */; };
		A05AFD0E1A8684D800CB983A /* RegisterViewController.swift in Sources */ = {isa = PBXBuildFile; fileRef = A05AFD0D1A8684D800CB983A /* RegisterViewController.swift */; };
		A087476C1A97B4F200B9DC29 /* information.swift in Sources */ = {isa = PBXBuildFile; fileRef = A087476B1A97B4F200B9DC29 /* information.swift */; };
		A087477F1A9D9E3200B9DC29 /* buffaloModel.xcdatamodeld in Sources */ = {isa = PBXBuildFile; fileRef = A087477D1A9D9E3200B9DC29 /* buffaloModel.xcdatamodeld */; };
		A08747801A9D9EC000B9DC29 /* CoreData.framework in Frameworks */ = {isa = PBXBuildFile; fileRef = A08747781A9D9AA500B9DC29 /* CoreData.framework */; };
		A0DAB72A1A86C91B00A2E08B /* infoObject.swift in Sources */ = {isa = PBXBuildFile; fileRef = A0DAB7291A86C91B00A2E08B /* infoObject.swift */; };
/* End PBXBuildFile section */

/* Begin PBXContainerItemProxy section */
		A05AFCFC1A86815D00CB983A /* PBXContainerItemProxy */ = {
			isa = PBXContainerItemProxy;
			containerPortal = A05AFCDC1A86815D00CB983A /* Project object */;
			proxyType = 1;
			remoteGlobalIDString = A05AFCE31A86815D00CB983A;
			remoteInfo = Buffalo;
		};
/* End PBXContainerItemProxy section */

/* Begin PBXFileReference section */
		A05AFCE41A86815D00CB983A /* Buffalo.app */ = {isa = PBXFileReference; explicitFileType = wrapper.application; includeInIndex = 0; path = Buffalo.app; sourceTree = BUILT_PRODUCTS_DIR; };
		A05AFCE81A86815D00CB983A /* Info.plist */ = {isa = PBXFileReference; lastKnownFileType = text.plist.xml; path = Info.plist; sourceTree = "<group>"; };
		A05AFCE91A86815D00CB983A /* AppDelegate.swift */ = {isa = PBXFileReference; lastKnownFileType = sourcecode.swift; path = AppDelegate.swift; sourceTree = "<group>"; };
		A05AFCEB1A86815D00CB983A /* FirstViewController.swift */ = {isa = PBXFileReference; lastKnownFileType = sourcecode.swift; path = FirstViewController.swift; sourceTree = "<group>"; };
		A05AFCED1A86815D00CB983A /* SecondViewController.swift */ = {isa = PBXFileReference; lastKnownFileType = sourcecode.swift; path = SecondViewController.swift; sourceTree = "<group>"; };
		A05AFCF01A86815D00CB983A /* Base */ = {isa = PBXFileReference; lastKnownFileType = file.storyboard; name = Base; path = Base.lproj/Main.storyboard; sourceTree = "<group>"; };
		A05AFCF21A86815D00CB983A /* Images.xcassets */ = {isa = PBXFileReference; lastKnownFileType = folder.assetcatalog; path = Images.xcassets; sourceTree = "<group>"; };
		A05AFCF51A86815D00CB983A /* Base */ = {isa = PBXFileReference; lastKnownFileType = file.xib; name = Base; path = Base.lproj/LaunchScreen.xib; sourceTree = "<group>"; };
		A05AFCFB1A86815D00CB983A /* BuffaloTests.xctest */ = {isa = PBXFileReference; explicitFileType = wrapper.cfbundle; includeInIndex = 0; path = BuffaloTests.xctest; sourceTree = BUILT_PRODUCTS_DIR; };
		A05AFD001A86815D00CB983A /* Info.plist */ = {isa = PBXFileReference; lastKnownFileType = text.plist.xml; path = Info.plist; sourceTree = "<group>"; };
		A05AFD011A86815D00CB983A /* BuffaloTests.swift */ = {isa = PBXFileReference; lastKnownFileType = sourcecode.swift; path = BuffaloTests.swift; sourceTree = "<group>"; };
		A05AFD0B1A86823B00CB983A /* ThirdViewController.swift */ = {isa = PBXFileReference; fileEncoding = 4; lastKnownFileType = sourcecode.swift; path = ThirdViewController.swift; sourceTree = "<group>"; };
		A05AFD0D1A8684D800CB983A /* RegisterViewController.swift */ = {isa = PBXFileReference; fileEncoding = 4; lastKnownFileType = sourcecode.swift; path = RegisterViewController.swift; sourceTree = "<group>"; };
		A087476B1A97B4F200B9DC29 /* information.swift */ = {isa = PBXFileReference; fileEncoding = 4; lastKnownFileType = sourcecode.swift; path = information.swift; sourceTree = "<group>"; };
		A087476D1A9D957400B9DC29 /* Buffalo-Bridging-Header.h */ = {isa = PBXFileReference; lastKnownFileType = sourcecode.c.h; path = "Buffalo-Bridging-Header.h"; sourceTree = "<group>"; };
		A08747781A9D9AA500B9DC29 /* CoreData.framework */ = {isa = PBXFileReference; lastKnownFileType = wrapper.framework; name = CoreData.framework; path = System/Library/Frameworks/CoreData.framework; sourceTree = SDKROOT; };
		A087477E1A9D9E3200B9DC29 /* buffaloModel.xcdatamodel */ = {isa = PBXFileReference; lastKnownFileType = wrapper.xcdatamodel; path = buffaloModel.xcdatamodel; sourceTree = "<group>"; };
		A0DAB7291A86C91B00A2E08B /* infoObject.swift */ = {isa = PBXFileReference; fileEncoding = 4; lastKnownFileType = sourcecode.swift; path = infoObject.swift; sourceTree = "<group>"; };
/* End PBXFileReference section */

/* Begin PBXFrameworksBuildPhase section */
		A05AFCE11A86815D00CB983A /* Frameworks */ = {
			isa = PBXFrameworksBuildPhase;
			buildActionMask = 2147483647;
			files = (
				A08747801A9D9EC000B9DC29 /* CoreData.framework in Frameworks */,
			);
			runOnlyForDeploymentPostprocessing = 0;
		};
		A05AFCF81A86815D00CB983A /* Frameworks */ = {
			isa = PBXFrameworksBuildPhase;
			buildActionMask = 2147483647;
			files = (
			);
			runOnlyForDeploymentPostprocessing = 0;
		};
/* End PBXFrameworksBuildPhase section */

/* Begin PBXGroup section */
		A05AFCDB1A86815D00CB983A = {
			isa = PBXGroup;
			children = (
				A08747781A9D9AA500B9DC29 /* CoreData.framework */,
				A05AFCE61A86815D00CB983A /* Buffalo */,
				A05AFCFE1A86815D00CB983A /* BuffaloTests */,
				A05AFCE51A86815D00CB983A /* Products */,
			);
			sourceTree = "<group>";
		};
		A05AFCE51A86815D00CB983A /* Products */ = {
			isa = PBXGroup;
			children = (
				A05AFCE41A86815D00CB983A /* Buffalo.app */,
				A05AFCFB1A86815D00CB983A /* BuffaloTests.xctest */,
			);
			name = Products;
			sourceTree = "<group>";
		};
		A05AFCE61A86815D00CB983A /* Buffalo */ = {
			isa = PBXGroup;
			children = (
				A05AFCE91A86815D00CB983A /* AppDelegate.swift */,
				A05AFD0D1A8684D800CB983A /* RegisterViewController.swift */,
				A05AFCEB1A86815D00CB983A /* FirstViewController.swift */,
				A05AFCED1A86815D00CB983A /* SecondViewController.swift */,
				A05AFD0B1A86823B00CB983A /* ThirdViewController.swift */,
				A05AFCEF1A86815D00CB983A /* Main.storyboard */,
				A087476B1A97B4F200B9DC29 /* information.swift */,
				A0DAB7291A86C91B00A2E08B /* infoObject.swift */,
				A05AFCF21A86815D00CB983A /* Images.xcassets */,
				A05AFCF41A86815D00CB983A /* LaunchScreen.xib */,
				A05AFCE71A86815D00CB983A /* Supporting Files */,
				A087476D1A9D957400B9DC29 /* Buffalo-Bridging-Header.h */,
				A087477D1A9D9E3200B9DC29 /* buffaloModel.xcdatamodeld */,
			);
			path = Buffalo;
			sourceTree = "<group>";
		};
		A05AFCE71A86815D00CB983A /* Supporting Files */ = {
			isa = PBXGroup;
			children = (
				A05AFCE81A86815D00CB983A /* Info.plist */,
			);
			name = "Supporting Files";
			sourceTree = "<group>";
		};
		A05AFCFE1A86815D00CB983A /* BuffaloTests */ = {
			isa = PBXGroup;
			children = (
				A05AFD011A86815D00CB983A /* BuffaloTests.swift */,
				A05AFCFF1A86815D00CB983A /* Supporting Files */,
			);
			path = BuffaloTests;
			sourceTree = "<group>";
		};
		A05AFCFF1A86815D00CB983A /* Supporting Files */ = {
			isa = PBXGroup;
			children = (
				A05AFD001A86815D00CB983A /* Info.plist */,
			);
			name = "Supporting Files";
			sourceTree = "<group>";
		};
/* End PBXGroup section */

/* Begin PBXNativeTarget section */
		A05AFCE31A86815D00CB983A /* Buffalo */ = {
			isa = PBXNativeTarget;
			buildConfigurationList = A05AFD051A86815D00CB983A /* Build configuration list for PBXNativeTarget "Buffalo" */;
			buildPhases = (
				A05AFCE01A86815D00CB983A /* Sources */,
				A05AFCE11A86815D00CB983A /* Frameworks */,
				A05AFCE21A86815D00CB983A /* Resources */,
			);
			buildRules = (
			);
			dependencies = (
			);
			name = Buffalo;
			productName = Buffalo;
			productReference = A05AFCE41A86815D00CB983A /* Buffalo.app */;
			productType = "com.apple.product-type.application";
		};
		A05AFCFA1A86815D00CB983A /* BuffaloTests */ = {
			isa = PBXNativeTarget;
			buildConfigurationList = A05AFD081A86815D00CB983A /* Build configuration list for PBXNativeTarget "BuffaloTests" */;
			buildPhases = (
				A05AFCF71A86815D00CB983A /* Sources */,
				A05AFCF81A86815D00CB983A /* Frameworks */,
				A05AFCF91A86815D00CB983A /* Resources */,
			);
			buildRules = (
			);
			dependencies = (
				A05AFCFD1A86815D00CB983A /* PBXTargetDependency */,
			);
			name = BuffaloTests;
			productName = BuffaloTests;
			productReference = A05AFCFB1A86815D00CB983A /* BuffaloTests.xctest */;
			productType = "com.apple.product-type.bundle.unit-test";
		};
/* End PBXNativeTarget section */

/* Begin PBXProject section */
		A05AFCDC1A86815D00CB983A /* Project object */ = {
			isa = PBXProject;
			attributes = {
				LastUpgradeCheck = 0610;
				ORGANIZATIONNAME = "Victor Vainberg";
				TargetAttributes = {
					A05AFCE31A86815D00CB983A = {
						CreatedOnToolsVersion = 6.1.1;
					};
					A05AFCFA1A86815D00CB983A = {
						CreatedOnToolsVersion = 6.1.1;
						TestTargetID = A05AFCE31A86815D00CB983A;
					};
				};
			};
			buildConfigurationList = A05AFCDF1A86815D00CB983A /* Build configuration list for PBXProject "Buffalo" */;
			compatibilityVersion = "Xcode 3.2";
			developmentRegion = English;
			hasScannedForEncodings = 0;
			knownRegions = (
				en,
				Base,
			);
			mainGroup = A05AFCDB1A86815D00CB983A;
			productRefGroup = A05AFCE51A86815D00CB983A /* Products */;
			projectDirPath = "";
			projectRoot = "";
			targets = (
				A05AFCE31A86815D00CB983A /* Buffalo */,
				A05AFCFA1A86815D00CB983A /* BuffaloTests */,
			);
		};
/* End PBXProject section */

/* Begin PBXResourcesBuildPhase section */
		A05AFCE21A86815D00CB983A /* Resources */ = {
			isa = PBXResourcesBuildPhase;
			buildActionMask = 2147483647;
			files = (
				A05AFCF11A86815D00CB983A /* Main.storyboard in Resources */,
				A05AFCF61A86815D00CB983A /* LaunchScreen.xib in Resources */,
				A05AFCF31A86815D00CB983A /* Images.xcassets in Resources */,
			);
			runOnlyForDeploymentPostprocessing = 0;
		};
		A05AFCF91A86815D00CB983A /* Resources */ = {
			isa = PBXResourcesBuildPhase;
			buildActionMask = 2147483647;
			files = (
			);
			runOnlyForDeploymentPostprocessing = 0;
		};
/* End PBXResourcesBuildPhase section */

/* Begin PBXSourcesBuildPhase section */
		A05AFCE01A86815D00CB983A /* Sources */ = {
			isa = PBXSourcesBuildPhase;
			buildActionMask = 2147483647;
			files = (
				A05AFCEE1A86815D00CB983A /* SecondViewController.swift in Sources */,
				A087477F1A9D9E3200B9DC29 /* buffaloModel.xcdatamodeld in Sources */,
				A05AFD0E1A8684D800CB983A /* RegisterViewController.swift in Sources */,
				A0DAB72A1A86C91B00A2E08B /* infoObject.swift in Sources */,
				A087476C1A97B4F200B9DC29 /* information.swift in Sources */,
				A05AFCEA1A86815D00CB983A /* AppDelegate.swift in Sources */,
				A05AFD0C1A86823B00CB983A /* ThirdViewController.swift in Sources */,
				A05AFCEC1A86815D00CB983A /* FirstViewController.swift in Sources */,
			);
			runOnlyForDeploymentPostprocessing = 0;
		};
		A05AFCF71A86815D00CB983A /* Sources */ = {
			isa = PBXSourcesBuildPhase;
			buildActionMask = 2147483647;
			files = (
				A05AFD021A86815D00CB983A /* BuffaloTests.swift in Sources */,
			);
			runOnlyForDeploymentPostprocessing = 0;
		};
/* End PBXSourcesBuildPhase section */

/* Begin PBXTargetDependency section */
		A05AFCFD1A86815D00CB983A /* PBXTargetDependency */ = {
			isa = PBXTargetDependency;
			target = A05AFCE31A86815D00CB983A /* Buffalo */;
			targetProxy = A05AFCFC1A86815D00CB983A /* PBXContainerItemProxy */;
		};
/* End PBXTargetDependency section */

/* Begin PBXVariantGroup section */
		A05AFCEF1A86815D00CB983A /* Main.storyboard */ = {
			isa = PBXVariantGroup;
			children = (
				A05AFCF01A86815D00CB983A /* Base */,
			);
			name = Main.storyboard;
			sourceTree = "<group>";
		};
		A05AFCF41A86815D00CB983A /* LaunchScreen.xib */ = {
			isa = PBXVariantGroup;
			children = (
				A05AFCF51A86815D00CB983A /* Base */,
			);
			name = LaunchScreen.xib;
			sourceTree = "<group>";
		};
/* End PBXVariantGroup section */

/* Begin XCBuildConfiguration section */
		A05AFD031A86815D00CB983A /* Debug */ = {
			isa = XCBuildConfiguration;
			buildSettings = {
				ALWAYS_SEARCH_USER_PATHS = NO;
				CLANG_CXX_LANGUAGE_STANDARD = "gnu++0x";
				CLANG_CXX_LIBRARY = "libc++";
				CLANG_ENABLE_MODULES = YES;
				CLANG_ENABLE_OBJC_ARC = YES;
				CLANG_WARN_BOOL_CONVERSION = YES;
				CLANG_WARN_CONSTANT_CONVERSION = YES;
				CLANG_WARN_DIRECT_OBJC_ISA_USAGE = YES_ERROR;
				CLANG_WARN_EMPTY_BODY = YES;
				CLANG_WARN_ENUM_CONVERSION = YES;
				CLANG_WARN_INT_CONVERSION = YES;
				CLANG_WARN_OBJC_ROOT_CLASS = YES_ERROR;
				CLANG_WARN_UNREACHABLE_CODE = YES;
				CLANG_WARN__DUPLICATE_METHOD_MATCH = YES;
				"CODE_SIGN_IDENTITY[sdk=iphoneos*]" = "iPhone Developer";
				COPY_PHASE_STRIP = NO;
				ENABLE_STRICT_OBJC_MSGSEND = YES;
				GCC_C_LANGUAGE_STANDARD = gnu99;
				GCC_DYNAMIC_NO_PIC = NO;
				GCC_OPTIMIZATION_LEVEL = 0;
				GCC_PREPROCESSOR_DEFINITIONS = (
					"DEBUG=1",
					"$(inherited)",
				);
				GCC_SYMBOLS_PRIVATE_EXTERN = NO;
				GCC_WARN_64_TO_32_BIT_CONVERSION = YES;
				GCC_WARN_ABOUT_RETURN_TYPE = YES_ERROR;
				GCC_WARN_UNDECLARED_SELECTOR = YES;
				GCC_WARN_UNINITIALIZED_AUTOS = YES_AGGRESSIVE;
				GCC_WARN_UNUSED_FUNCTION = YES;
				GCC_WARN_UNUSED_VARIABLE = YES;
				IPHONEOS_DEPLOYMENT_TARGET = 8.1;
				MTL_ENABLE_DEBUG_INFO = YES;
				ONLY_ACTIVE_ARCH = YES;
				SDKROOT = iphoneos;
				SWIFT_OPTIMIZATION_LEVEL = "-Onone";
				TARGETED_DEVICE_FAMILY = "1,2";
			};
			name = Debug;
		};
		A05AFD041A86815D00CB983A /* Release */ = {
			isa = XCBuildConfiguration;
			buildSettings = {
				ALWAYS_SEARCH_USER_PATHS = NO;
				CLANG_CXX_LANGUAGE_STANDARD = "gnu++0x";
				CLANG_CXX_LIBRARY = "libc++";
				CLANG_ENABLE_MODULES = YES;
				CLANG_ENABLE_OBJC_ARC = YES;
				CLANG_WARN_BOOL_CONVERSION = YES;
				CLANG_WARN_CONSTANT_CONVERSION = YES;
				CLANG_WARN_DIRECT_OBJC_ISA_USAGE = YES_ERROR;
				CLANG_WARN_EMPTY_BODY = YES;
				CLANG_WARN_ENUM_CONVERSION = YES;
				CLANG_WARN_INT_CONVERSION = YES;
				CLANG_WARN_OBJC_ROOT_CLASS = YES_ERROR;
				CLANG_WARN_UNREACHABLE_CODE = YES;
				CLANG_WARN__DUPLICATE_METHOD_MATCH = YES;
				"CODE_SIGN_IDENTITY[sdk=iphoneos*]" = "iPhone Developer";
				COPY_PHASE_STRIP = YES;
				ENABLE_NS_ASSERTIONS = NO;
				ENABLE_STRICT_OBJC_MSGSEND = YES;
				GCC_C_LANGUAGE_STANDARD = gnu99;
				GCC_WARN_64_TO_32_BIT_CONVERSION = YES;
				GCC_WARN_ABOUT_RETURN_TYPE = YES_ERROR;
				GCC_WARN_UNDECLARED_SELECTOR = YES;
				GCC_WARN_UNINITIALIZED_AUTOS = YES_AGGRESSIVE;
				GCC_WARN_UNUSED_FUNCTION = YES;
				GCC_WARN_UNUSED_VARIABLE = YES;
				IPHONEOS_DEPLOYMENT_TARGET = 8.1;
				MTL_ENABLE_DEBUG_INFO = NO;
				SDKROOT = iphoneos;
				TARGETED_DEVICE_FAMILY = "1,2";
				VALIDATE_PRODUCT = YES;
			};
			name = Release;
		};
		A05AFD061A86815D00CB983A /* Debug */ = {
			isa = XCBuildConfiguration;
			buildSettings = {
				ASSETCATALOG_COMPILER_APPICON_NAME = AppIcon;
				CLANG_ENABLE_MODULES = YES;
				INFOPLIST_FILE = Buffalo/Info.plist;
				LD_RUNPATH_SEARCH_PATHS = "$(inherited) @executable_path/Frameworks";
				PRODUCT_NAME = "$(TARGET_NAME)";
				SWIFT_OBJC_BRIDGING_HEADER = "Buffalo/Buffalo-Bridging-Header.h";
				SWIFT_OPTIMIZATION_LEVEL = "-Onone";
			};
			name = Debug;
		};
		A05AFD071A86815D00CB983A /* Release */ = {
			isa = XCBuildConfiguration;
			buildSettings = {
				ASSETCATALOG_COMPILER_APPICON_NAME = AppIcon;
				CLANG_ENABLE_MODULES = YES;
				INFOPLIST_FILE = Buffalo/Info.plist;
				LD_RUNPATH_SEARCH_PATHS = "$(inherited) @executable_path/Frameworks";
				PRODUCT_NAME = "$(TARGET_NAME)";
				SWIFT_OBJC_BRIDGING_HEADER = "Buffalo/Buffalo-Bridging-Header.h";
			};
			name = Release;
		};
		A05AFD091A86815D00CB983A /* Debug */ = {
			isa = XCBuildConfiguration;
			buildSettings = {
				BUNDLE_LOADER = "$(TEST_HOST)";
				FRAMEWORK_SEARCH_PATHS = (
					"$(SDKROOT)/Developer/Library/Frameworks",
					"$(inherited)",
				);
				GCC_PREPROCESSOR_DEFINITIONS = (
					"DEBUG=1",
					"$(inherited)",
				);
				INFOPLIST_FILE = BuffaloTests/Info.plist;
				LD_RUNPATH_SEARCH_PATHS = "$(inherited) @executable_path/Frameworks @loader_path/Frameworks";
				PRODUCT_NAME = "$(TARGET_NAME)";
				TEST_HOST = "$(BUILT_PRODUCTS_DIR)/Buffalo.app/Buffalo";
			};
			name = Debug;
		};
		A05AFD0A1A86815D00CB983A /* Release */ = {
			isa = XCBuildConfiguration;
			buildSettings = {
				BUNDLE_LOADER = "$(TEST_HOST)";
				FRAMEWORK_SEARCH_PATHS = (
					"$(SDKROOT)/Developer/Library/Frameworks",
					"$(inherited)",
				);
				INFOPLIST_FILE = BuffaloTests/Info.plist;
				LD_RUNPATH_SEARCH_PATHS = "$(inherited) @executable_path/Frameworks @loader_path/Frameworks";
				PRODUCT_NAME = "$(TARGET_NAME)";
				TEST_HOST = "$(BUILT_PRODUCTS_DIR)/Buffalo.app/Buffalo";
			};
			name = Release;
		};
/* End XCBuildConfiguration section */

/* Begin XCConfigurationList section */
		A05AFCDF1A86815D00CB983A /* Build configuration list for PBXProject "Buffalo" */ = {
			isa = XCConfigurationList;
			buildConfigurations = (
				A05AFD031A86815D00CB983A /* Debug */,
				A05AFD041A86815D00CB983A /* Release */,
			);
			defaultConfigurationIsVisible = 0;
			defaultConfigurationName = Release;
		};
		A05AFD051A86815D00CB983A /* Build configuration list for PBXNativeTarget "Buffalo" */ = {
			isa = XCConfigurationList;
			buildConfigurations = (
				A05AFD061A86815D00CB983A /* Debug */,
				A05AFD071A86815D00CB983A /* Release */,
			);
			defaultConfigurationIsVisible = 0;
			defaultConfigurationName = Release;
		};
		A05AFD081A86815D00CB983A /* Build configuration list for PBXNativeTarget "BuffaloTests" */ = {
			isa = XCConfigurationList;
			buildConfigurations = (
				A05AFD091A86815D00CB983A /* Debug */,
				A05AFD0A1A86815D00CB983A /* Release */,
			);
			defaultConfigurationIsVisible = 0;
			defaultConfigurationName = Release;
		};
/* End XCConfigurationList section */

/* Begin XCVersionGroup section */
		A087477D1A9D9E3200B9DC29 /* buffaloModel.xcdatamodeld */ = {
			isa = XCVersionGroup;
			children = (
				A087477E1A9D9E3200B9DC29 /* buffaloModel.xcdatamodel */,
			);
			currentVersion = A087477E1A9D9E3200B9DC29 /* buffaloModel.xcdatamodel */;
			path = buffaloModel.xcdatamodeld;
			sourceTree = "<group>";
			versionGroupType = wrapper.xcdatamodel;
		};
/* End XCVersionGroup section */
	};
	rootObject = A05AFCDC1A86815D00CB983A /* Project object */;
}
